// !$*UTF8*$!
{
	archiveVersion = 1;
	classes = {
	};
	objectVersion = 46;
	objects = {

/* Begin PBXBuildFile section */
		48D0EA5C1A733E3300DA0430 /* AppDelegate.swift in Sources */ = {isa = PBXBuildFile; fileRef = 48D0EA5B1A733E3300DA0430 /* AppDelegate.swift */; };
		48D0EA5E1A733E3300DA0430 /* ViewController.swift in Sources */ = {isa = PBXBuildFile; fileRef = 48D0EA5D1A733E3300DA0430 /* ViewController.swift */; };
		48D0EA611A733E3300DA0430 /* Main.storyboard in Resources */ = {isa = PBXBuildFile; fileRef = 48D0EA5F1A733E3300DA0430 /* Main.storyboard */; };
		48D0EA631A733E3300DA0430 /* Images.xcassets in Resources */ = {isa = PBXBuildFile; fileRef = 48D0EA621A733E3300DA0430 /* Images.xcassets */; };
		48D0EA661A733E3300DA0430 /* LaunchScreen.xib in Resources */ = {isa = PBXBuildFile; fileRef = 48D0EA641A733E3300DA0430 /* LaunchScreen.xib */; };
		48D0EA721A733E3400DA0430 /* _9BalloonsTests.swift in Sources */ = {isa = PBXBuildFile; fileRef = 48D0EA711A733E3400DA0430 /* _9BalloonsTests.swift */; };
/* End PBXBuildFile section */

/* Begin PBXContainerItemProxy section */
		48D0EA6C1A733E3400DA0430 /* PBXContainerItemProxy */ = {
			isa = PBXContainerItemProxy;
			containerPortal = 48D0EA4E1A733E3300DA0430 /* Project object */;
			proxyType = 1;
			remoteGlobalIDString = 48D0EA551A733E3300DA0430;
			remoteInfo = 99Balloons;
		};
/* End PBXContainerItemProxy section */

/* Begin PBXFileReference section */
		48D0EA561A733E3300DA0430 /* 99Balloons.app */ = {isa = PBXFileReference; explicitFileType = wrapper.application; includeInIndex = 0; path = 99Balloons.app; sourceTree = BUILT_PRODUCTS_DIR; };
		48D0EA5A1A733E3300DA0430 /* Info.plist */ = {isa = PBXFileReference; lastKnownFileType = text.plist.xml; path = Info.plist; sourceTree = "<group>"; };
		48D0EA5B1A733E3300DA0430 /* AppDelegate.swift */ = {isa = PBXFileReference; lastKnownFileType = sourcecode.swift; path = AppDelegate.swift; sourceTree = "<group>"; };
		48D0EA5D1A733E3300DA0430 /* ViewController.swift */ = {isa = PBXFileReference; lastKnownFileType = sourcecode.swift; path = ViewController.swift; sourceTree = "<group>"; };
		48D0EA601A733E3300DA0430 /* Base */ = {isa = PBXFileReference; lastKnownFileType = file.storyboard; name = Base; path = Base.lproj/Main.storyboard; sourceTree = "<group>"; };
		48D0EA621A733E3300DA0430 /* Images.xcassets */ = {isa = PBXFileReference; lastKnownFileType = folder.assetcatalog; path = Images.xcassets; sourceTree = "<group>"; };
		48D0EA651A733E3300DA0430 /* Base */ = {isa = PBXFileReference; lastKnownFileType = file.xib; name = Base; path = Base.lproj/LaunchScreen.xib; sourceTree = "<group>"; };
		48D0EA6B1A733E3400DA0430 /* 99BalloonsTests.xctest */ = {isa = PBXFileReference; explicitFileType = wrapper.cfbundle; includeInIndex = 0; path = 99BalloonsTests.xctest; sourceTree = BUILT_PRODUCTS_DIR; };
		48D0EA701A733E3400DA0430 /* Info.plist */ = {isa = PBXFileReference; lastKnownFileType = text.plist.xml; path = Info.plist; sourceTree = "<group>"; };
		48D0EA711A733E3400DA0430 /* _9BalloonsTests.swift */ = {isa = PBXFileReference; lastKnownFileType = sourcecode.swift; path = _9BalloonsTests.swift; sourceTree = "<group>"; };
/* End PBXFileReference section */

/* Begin PBXFrameworksBuildPhase section */
		48D0EA531A733E3300DA0430 /* Frameworks */ = {
			isa = PBXFrameworksBuildPhase;
			buildActionMask = 2147483647;
			files = (
			);
			runOnlyForDeploymentPostprocessing = 0;
		};
		48D0EA681A733E3400DA0430 /* Frameworks */ = {
			isa = PBXFrameworksBuildPhase;
			buildActionMask = 2147483647;
			files = (
			);
			runOnlyForDeploymentPostprocessing = 0;
		};
/* End PBXFrameworksBuildPhase section */

/* Begin PBXGroup section */
		48D0EA4D1A733E3300DA0430 = {
			isa = PBXGroup;
			children = (
				48D0EA581A733E3300DA0430 /* 99Balloons */,
				48D0EA6E1A733E3400DA0430 /* 99BalloonsTests */,
				48D0EA571A733E3300DA0430 /* Products */,
			);
			sourceTree = "<group>";
		};
		48D0EA571A733E3300DA0430 /* Products */ = {
			isa = PBXGroup;
			children = (
				48D0EA561A733E3300DA0430 /* 99Balloons.app */,
				48D0EA6B1A733E3400DA0430 /* 99BalloonsTests.xctest */,
			);
			name = Products;
			sourceTree = "<group>";
		};
		48D0EA581A733E3300DA0430 /* 99Balloons */ = {
			isa = PBXGroup;
			children = (
				48D0EA5B1A733E3300DA0430 /* AppDelegate.swift */,
				48D0EA5D1A733E3300DA0430 /* ViewController.swift */,
				48D0EA5F1A733E3300DA0430 /* Main.storyboard */,
				48D0EA621A733E3300DA0430 /* Images.xcassets */,
				48D0EA641A733E3300DA0430 /* LaunchScreen.xib */,
				48D0EA591A733E3300DA0430 /* Supporting Files */,
			);
			path = 99Balloons;
			sourceTree = "<group>";
		};
		48D0EA591A733E3300DA0430 /* Supporting Files */ = {
			isa = PBXGroup;
			children = (
				48D0EA5A1A733E3300DA0430 /* Info.plist */,
			);
			name = "Supporting Files";
			sourceTree = "<group>";
		};
		48D0EA6E1A733E3400DA0430 /* 99BalloonsTests */ = {
			isa = PBXGroup;
			children = (
				48D0EA711A733E3400DA0430 /* _9BalloonsTests.swift */,
				48D0EA6F1A733E3400DA0430 /* Supporting Files */,
			);
			path = 99BalloonsTests;
			sourceTree = "<group>";
		};
		48D0EA6F1A733E3400DA0430 /* Supporting Files */ = {
			isa = PBXGroup;
			children = (
				48D0EA701A733E3400DA0430 /* Info.plist */,
			);
			name = "Supporting Files";
			sourceTree = "<group>";
		};
/* End PBXGroup section */

/* Begin PBXNativeTarget section */
		48D0EA551A733E3300DA0430 /* 99Balloons */ = {
			isa = PBXNativeTarget;
			buildConfigurationList = 48D0EA751A733E3400DA0430 /* Build configuration list for PBXNativeTarget "99Balloons" */;
			buildPhases = (
				48D0EA521A733E3300DA0430 /* Sources */,
				48D0EA531A733E3300DA0430 /* Frameworks */,
				48D0EA541A733E3300DA0430 /* Resources */,
			);
			buildRules = (
			);
			dependencies = (
			);
			name = 99Balloons;
			productName = 99Balloons;
			productReference = 48D0EA561A733E3300DA0430 /* 99Balloons.app */;
			productType = "com.apple.product-type.application";
		};
		48D0EA6A1A733E3400DA0430 /* 99BalloonsTests */ = {
			isa = PBXNativeTarget;
			buildConfigurationList = 48D0EA781A733E3400DA0430 /* Build configuration list for PBXNativeTarget "99BalloonsTests" */;
			buildPhases = (
				48D0EA671A733E3400DA0430 /* Sources */,
				48D0EA681A733E3400DA0430 /* Frameworks */,
				48D0EA691A733E3400DA0430 /* Resources */,
			);
			buildRules = (
			);
			dependencies = (
				48D0EA6D1A733E3400DA0430 /* PBXTargetDependency */,
			);
			name = 99BalloonsTests;
			productName = 99BalloonsTests;
			productReference = 48D0EA6B1A733E3400DA0430 /* 99BalloonsTests.xctest */;
			productType = "com.apple.product-type.bundle.unit-test";
		};
/* End PBXNativeTarget section */

/* Begin PBXProject section */
		48D0EA4E1A733E3300DA0430 /* Project object */ = {
			isa = PBXProject;
			attributes = {
				LastUpgradeCheck = 0610;
				ORGANIZATIONNAME = "Xavier Davis";
				TargetAttributes = {
					48D0EA551A733E3300DA0430 = {
						CreatedOnToolsVersion = 6.1.1;
					};
					48D0EA6A1A733E3400DA0430 = {
						CreatedOnToolsVersion = 6.1.1;
						TestTargetID = 48D0EA551A733E3300DA0430;
					};
				};
			};
			buildConfigurationList = 48D0EA511A733E3300DA0430 /* Build configuration list for PBXProject "99Balloons" */;
			compatibilityVersion = "Xcode 3.2";
			developmentRegion = English;
			hasScannedForEncodings = 0;
			knownRegions = (
				en,
				Base,
			);
			mainGroup = 48D0EA4D1A733E3300DA0430;
			productRefGroup = 48D0EA571A733E3300DA0430 /* Products */;
			projectDirPath = "";
			projectRoot = "";
			targets = (
				48D0EA551A733E3300DA0430 /* 99Balloons */,
				48D0EA6A1A733E3400DA0430 /* 99BalloonsTests */,
			);
		};
/* End PBXProject section */

/* Begin PBXResourcesBuildPhase section */
		48D0EA541A733E3300DA0430 /* Resources */ = {
			isa = PBXResourcesBuildPhase;
			buildActionMask = 2147483647;
			files = (
				48D0EA611A733E3300DA0430 /* Main.storyboard in Resources */,
				48D0EA661A733E3300DA0430 /* LaunchScreen.xib in Resources */,
				48D0EA631A733E3300DA0430 /* Images.xcassets in Resources */,
			);
			runOnlyForDeploymentPostprocessing = 0;
		};
		48D0EA691A733E3400DA0430 /* Resources */ = {
			isa = PBXResourcesBuildPhase;
			buildActionMask = 2147483647;
			files = (
			);
			runOnlyForDeploymentPostprocessing = 0;
		};
/* End PBXResourcesBuildPhase section */

/* Begin PBXSourcesBuildPhase section */
		48D0EA521A733E3300DA0430 /* Sources */ = {
			isa = PBXSourcesBuildPhase;
			buildActionMask = 2147483647;
			files = (
				48D0EA5E1A733E3300DA0430 /* ViewController.swift in Sources */,
				48D0EA5C1A733E3300DA0430 /* AppDelegate.swift in Sources */,
			);
			runOnlyForDeploymentPostprocessing = 0;
		};
		48D0EA671A733E3400DA0430 /* Sources */ = {
			isa = PBXSourcesBuildPhase;
			buildActionMask = 2147483647;
			files = (
				48D0EA721A733E3400DA0430 /* _9BalloonsTests.swift in Sources */,
			);
			runOnlyForDeploymentPostprocessing = 0;
		};
/* End PBXSourcesBuildPhase section */

/* Begin PBXTargetDependency section */
		48D0EA6D1A733E3400DA0430 /* PBXTargetDependency */ = {
			isa = PBXTargetDependency;
			target = 48D0EA551A733E3300DA0430 /* 99Balloons */;
			targetProxy = 48D0EA6C1A733E3400DA0430 /* PBXContainerItemProxy */;
		};
/* End PBXTargetDependency section */

/* Begin PBXVariantGroup section */
		48D0EA5F1A733E3300DA0430 /* Main.storyboard */ = {
			isa = PBXVariantGroup;
			children = (
				48D0EA601A733E3300DA0430 /* Base */,
			);
			name = Main.storyboard;
			sourceTree = "<group>";
		};
		48D0EA641A733E3300DA0430 /* LaunchScreen.xib */ = {
			isa = PBXVariantGroup;
			children = (
				48D0EA651A733E3300DA0430 /* Base */,
			);
			name = LaunchScreen.xib;
			sourceTree = "<group>";
		};
/* End PBXVariantGroup section */

/* Begin XCBuildConfiguration section */
		48D0EA731A733E3400DA0430 /* Debug */ = {
			isa = XCBuildConfiguration;
			buildSettings = {
				ALWAYS_SEARCH_USER_PATHS = NO;
				CLANG_CXX_LANGUAGE_STANDARD = "gnu++0x";
				CLANG_CXX_LIBRARY = "libc++";
				CLANG_ENABLE_MODULES = YES;
				CLANG_ENABLE_OBJC_ARC = YES;
				CLANG_WARN_BOOL_CONVERSION = YES;
				CLANG_WARN_CONSTANT_CONVERSION = YES;
				CLANG_WARN_DIRECT_OBJC_ISA_USAGE = YES_ERROR;
				CLANG_WARN_EMPTY_BODY = YES;
				CLANG_WARN_ENUM_CONVERSION = YES;
				CLANG_WARN_INT_CONVERSION = YES;
				CLANG_WARN_OBJC_ROOT_CLASS = YES_ERROR;
				CLANG_WARN_UNREACHABLE_CODE = YES;
				CLANG_WARN__DUPLICATE_METHOD_MATCH = YES;
				"CODE_SIGN_IDENTITY[sdk=iphoneos*]" = "iPhone Developer";
				COPY_PHASE_STRIP = NO;
				ENABLE_STRICT_OBJC_MSGSEND = YES;
				GCC_C_LANGUAGE_STANDARD = gnu99;
				GCC_DYNAMIC_NO_PIC = NO;
				GCC_OPTIMIZATION_LEVEL = 0;
				GCC_PREPROCESSOR_DEFINITIONS = (
					"DEBUG=1",
					"$(inherited)",
				);
				GCC_SYMBOLS_PRIVATE_EXTERN = NO;
				GCC_WARN_64_TO_32_BIT_CONVERSION = YES;
				GCC_WARN_ABOUT_RETURN_TYPE = YES_ERROR;
				GCC_WARN_UNDECLARED_SELECTOR = YES;
				GCC_WARN_UNINITIALIZED_AUTOS = YES_AGGRESSIVE;
				GCC_WARN_UNUSED_FUNCTION = YES;
				GCC_WARN_UNUSED_VARIABLE = YES;
				IPHONEOS_DEPLOYMENT_TARGET = 8.1;
				MTL_ENABLE_DEBUG_INFO = YES;
				ONLY_ACTIVE_ARCH = YES;
				SDKROOT = iphoneos;
				SWIFT_OPTIMIZATION_LEVEL = "-Onone";
				TARGETED_DEVICE_FAMILY = "1,2";
			};
			name = Debug;
		};
		48D0EA741A733E3400DA0430 /* Release */ = {
			isa = XCBuildConfiguration;
			buildSettings = {
				ALWAYS_SEARCH_USER_PATHS = NO;
				CLANG_CXX_LANGUAGE_STANDARD = "gnu++0x";
				CLANG_CXX_LIBRARY = "libc++";
				CLANG_ENABLE_MODULES = YES;
				CLANG_ENABLE_OBJC_ARC = YES;
				CLANG_WARN_BOOL_CONVERSION = YES;
				CLANG_WARN_CONSTANT_CONVERSION = YES;
				CLANG_WARN_DIRECT_OBJC_ISA_USAGE = YES_ERROR;
				CLANG_WARN_EMPTY_BODY = YES;
				CLANG_WARN_ENUM_CONVERSION = YES;
				CLANG_WARN_INT_CONVERSION = YES;
				CLANG_WARN_OBJC_ROOT_CLASS = YES_ERROR;
				CLANG_WARN_UNREACHABLE_CODE = YES;
				CLANG_WARN__DUPLICATE_METHOD_MATCH = YES;
				"CODE_SIGN_IDENTITY[sdk=iphoneos*]" = "iPhone Developer";
				COPY_PHASE_STRIP = YES;
				ENABLE_NS_ASSERTIONS = NO;
				ENABLE_STRICT_OBJC_MSGSEND = YES;
				GCC_C_LANGUAGE_STANDARD = gnu99;
				GCC_WARN_64_TO_32_BIT_CONVERSION = YES;
				GCC_WARN_ABOUT_RETURN_TYPE = YES_ERROR;
				GCC_WARN_UNDECLARED_SELECTOR = YES;
				GCC_WARN_UNINITIALIZED_AUTOS = YES_AGGRESSIVE;
				GCC_WARN_UNUSED_FUNCTION = YES;
				GCC_WARN_UNUSED_VARIABLE = YES;
				IPHONEOS_DEPLOYMENT_TARGET = 8.1;
				MTL_ENABLE_DEBUG_INFO = NO;
				SDKROOT = iphoneos;
				TARGETED_DEVICE_FAMILY = "1,2";
				VALIDATE_PRODUCT = YES;
			};
			name = Release;
		};
		48D0EA761A733E3400DA0430 /* Debug */ = {
			isa = XCBuildConfiguration;
			buildSettings = {
				ASSETCATALOG_COMPILER_APPICON_NAME = AppIcon;
				INFOPLIST_FILE = 99Balloons/Info.plist;
				LD_RUNPATH_SEARCH_PATHS = "$(inherited) @executable_path/Frameworks";
				PRODUCT_NAME = "$(TARGET_NAME)";
			};
			name = Debug;
		};
		48D0EA771A733E3400DA0430 /* Release */ = {
			isa = XCBuildConfiguration;
			buildSettings = {
				ASSETCATALOG_COMPILER_APPICON_NAME = AppIcon;
				INFOPLIST_FILE = 99Balloons/Info.plist;
				LD_RUNPATH_SEARCH_PATHS = "$(inherited) @executable_path/Frameworks";
				PRODUCT_NAME = "$(TARGET_NAME)";
			};
			name = Release;
		};
		48D0EA791A733E3400DA0430 /* Debug */ = {
			isa = XCBuildConfiguration;
			buildSettings = {
				BUNDLE_LOADER = "$(TEST_HOST)";
				FRAMEWORK_SEARCH_PATHS = (
					"$(SDKROOT)/Developer/Library/Frameworks",
					"$(inherited)",
				);
				GCC_PREPROCESSOR_DEFINITIONS = (
					"DEBUG=1",
					"$(inherited)",
				);
				INFOPLIST_FILE = 99BalloonsTests/Info.plist;
				LD_RUNPATH_SEARCH_PATHS = "$(inherited) @executable_path/Frameworks @loader_path/Frameworks";
				PRODUCT_NAME = "$(TARGET_NAME)";
				TEST_HOST = "$(BUILT_PRODUCTS_DIR)/99Balloons.app/99Balloons";
			};
			name = Debug;
		};
		48D0EA7A1A733E3400DA0430 /* Release */ = {
			isa = XCBuildConfiguration;
			buildSettings = {
				BUNDLE_LOADER = "$(TEST_HOST)";
				FRAMEWORK_SEARCH_PATHS = (
					"$(SDKROOT)/Developer/Library/Frameworks",
					"$(inherited)",
				);
				INFOPLIST_FILE = 99BalloonsTests/Info.plist;
				LD_RUNPATH_SEARCH_PATHS = "$(inherited) @executable_path/Frameworks @loader_path/Frameworks";
				PRODUCT_NAME = "$(TARGET_NAME)";
				TEST_HOST = "$(BUILT_PRODUCTS_DIR)/99Balloons.app/99Balloons";
			};
			name = Release;
		};
/* End XCBuildConfiguration section */

/* Begin XCConfigurationList section */
		48D0EA511A733E3300DA0430 /* Build configuration list for PBXProject "99Balloons" */ = {
			isa = XCConfigurationList;
			buildConfigurations = (
				48D0EA731A733E3400DA0430 /* Debug */,
				48D0EA741A733E3400DA0430 /* Release */,
			);
			defaultConfigurationIsVisible = 0;
			defaultConfigurationName = Release;
		};
		48D0EA751A733E3400DA0430 /* Build configuration list for PBXNativeTarget "99Balloons" */ = {
			isa = XCConfigurationList;
			buildConfigurations = (
				48D0EA761A733E3400DA0430 /* Debug */,
				48D0EA771A733E3400DA0430 /* Release */,
			);
			defaultConfigurationIsVisible = 0;
		};
		48D0EA781A733E3400DA0430 /* Build configuration list for PBXNativeTarget "99BalloonsTests" */ = {
			isa = XCConfigurationList;
			buildConfigurations = (
				48D0EA791A733E3400DA0430 /* Debug */,
				48D0EA7A1A733E3400DA0430 /* Release */,
			);
			defaultConfigurationIsVisible = 0;
		};
/* End XCConfigurationList section */
	};
	rootObject = 48D0EA4E1A733E3300DA0430 /* Project object */;
}
